// !$*UTF8*$!
{
	archiveVersion = 1;
	classes = {
	};
	objectVersion = 50;
	objects = {

/* Begin PBXBuildFile section */
		B76CB6FE211FED7600EA3C36 /* AppDelegate.swift in Sources */ = {isa = PBXBuildFile; fileRef = B76CB6FD211FED7600EA3C36 /* AppDelegate.swift */; };
		B76CB700211FED7600EA3C36 /* ViewController.swift in Sources */ = {isa = PBXBuildFile; fileRef = B76CB6FF211FED7600EA3C36 /* ViewController.swift */; };
		B76CB703211FED7600EA3C36 /* Main.storyboard in Resources */ = {isa = PBXBuildFile; fileRef = B76CB701211FED7600EA3C36 /* Main.storyboard */; };
		B76CB706211FED7600EA3C36 /* Qmin.xcdatamodeld in Sources */ = {isa = PBXBuildFile; fileRef = B76CB704211FED7600EA3C36 /* Qmin.xcdatamodeld */; };
		B76CB708211FED7A00EA3C36 /* Assets.xcassets in Resources */ = {isa = PBXBuildFile; fileRef = B76CB707211FED7A00EA3C36 /* Assets.xcassets */; };
		B76CB70B211FED7A00EA3C36 /* LaunchScreen.storyboard in Resources */ = {isa = PBXBuildFile; fileRef = B76CB709211FED7A00EA3C36 /* LaunchScreen.storyboard */; };
		B76CB713211FFD0400EA3C36 /* commonItem.swift in Sources */ = {isa = PBXBuildFile; fileRef = B76CB712211FFD0400EA3C36 /* commonItem.swift */; };
		B76CB7152120012300EA3C36 /* QRegistViewController.swift in Sources */ = {isa = PBXBuildFile; fileRef = B76CB7142120012300EA3C36 /* QRegistViewController.swift */; };
/* End PBXBuildFile section */

/* Begin PBXFileReference section */
		B76CB6FA211FED7600EA3C36 /* Qmin.app */ = {isa = PBXFileReference; explicitFileType = wrapper.application; includeInIndex = 0; path = Qmin.app; sourceTree = BUILT_PRODUCTS_DIR; };
		B76CB6FD211FED7600EA3C36 /* AppDelegate.swift */ = {isa = PBXFileReference; lastKnownFileType = sourcecode.swift; path = AppDelegate.swift; sourceTree = "<group>"; };
		B76CB6FF211FED7600EA3C36 /* ViewController.swift */ = {isa = PBXFileReference; lastKnownFileType = sourcecode.swift; path = ViewController.swift; sourceTree = "<group>"; };
		B76CB702211FED7600EA3C36 /* Base */ = {isa = PBXFileReference; lastKnownFileType = file.storyboard; name = Base; path = Base.lproj/Main.storyboard; sourceTree = "<group>"; };
		B76CB705211FED7600EA3C36 /* Qmin.xcdatamodel */ = {isa = PBXFileReference; lastKnownFileType = wrapper.xcdatamodel; path = Qmin.xcdatamodel; sourceTree = "<group>"; };
		B76CB707211FED7A00EA3C36 /* Assets.xcassets */ = {isa = PBXFileReference; lastKnownFileType = folder.assetcatalog; path = Assets.xcassets; sourceTree = "<group>"; };
		B76CB70A211FED7A00EA3C36 /* Base */ = {isa = PBXFileReference; lastKnownFileType = file.storyboard; name = Base; path = Base.lproj/LaunchScreen.storyboard; sourceTree = "<group>"; };
		B76CB70C211FED7A00EA3C36 /* Info.plist */ = {isa = PBXFileReference; lastKnownFileType = text.plist.xml; path = Info.plist; sourceTree = "<group>"; };
		B76CB712211FFD0400EA3C36 /* commonItem.swift */ = {isa = PBXFileReference; lastKnownFileType = sourcecode.swift; path = commonItem.swift; sourceTree = "<group>"; };
		B76CB7142120012300EA3C36 /* QRegistViewController.swift */ = {isa = PBXFileReference; lastKnownFileType = sourcecode.swift; path = QRegistViewController.swift; sourceTree = "<group>"; };
/* End PBXFileReference section */

/* Begin PBXFrameworksBuildPhase section */
		B76CB6F7211FED7600EA3C36 /* Frameworks */ = {
			isa = PBXFrameworksBuildPhase;
			buildActionMask = 2147483647;
			files = (
			);
			runOnlyForDeploymentPostprocessing = 0;
		};
/* End PBXFrameworksBuildPhase section */

/* Begin PBXGroup section */
		B76CB6F1211FED7600EA3C36 = {
			isa = PBXGroup;
			children = (
				B76CB6FC211FED7600EA3C36 /* Qmin */,
				B76CB6FB211FED7600EA3C36 /* Products */,
			);
			sourceTree = "<group>";
		};
		B76CB6FB211FED7600EA3C36 /* Products */ = {
			isa = PBXGroup;
			children = (
				B76CB6FA211FED7600EA3C36 /* Qmin.app */,
			);
			name = Products;
			sourceTree = "<group>";
		};
		B76CB6FC211FED7600EA3C36 /* Qmin */ = {
			isa = PBXGroup;
			children = (
				B76CB6FD211FED7600EA3C36 /* AppDelegate.swift */,
				B76CB6FF211FED7600EA3C36 /* ViewController.swift */,
				B76CB701211FED7600EA3C36 /* Main.storyboard */,
				B76CB7142120012300EA3C36 /* QRegistViewController.swift */,
				B76CB712211FFD0400EA3C36 /* commonItem.swift */,
				B76CB707211FED7A00EA3C36 /* Assets.xcassets */,
				B76CB709211FED7A00EA3C36 /* LaunchScreen.storyboard */,
				B76CB70C211FED7A00EA3C36 /* Info.plist */,
				B76CB704211FED7600EA3C36 /* Qmin.xcdatamodeld */,
			);
			path = Qmin;
			sourceTree = "<group>";
		};
/* End PBXGroup section */

/* Begin PBXNativeTarget section */
		B76CB6F9211FED7600EA3C36 /* Qmin */ = {
			isa = PBXNativeTarget;
			buildConfigurationList = B76CB70F211FED7A00EA3C36 /* Build configuration list for PBXNativeTarget "Qmin" */;
			buildPhases = (
				B76CB6F6211FED7600EA3C36 /* Sources */,
				B76CB6F7211FED7600EA3C36 /* Frameworks */,
				B76CB6F8211FED7600EA3C36 /* Resources */,
			);
			buildRules = (
			);
			dependencies = (
			);
			name = Qmin;
			productName = Qmin;
			productReference = B76CB6FA211FED7600EA3C36 /* Qmin.app */;
			productType = "com.apple.product-type.application";
		};
/* End PBXNativeTarget section */

/* Begin PBXProject section */
		B76CB6F2211FED7600EA3C36 /* Project object */ = {
			isa = PBXProject;
			attributes = {
				LastSwiftUpdateCheck = 0940;
				LastUpgradeCheck = 0940;
				ORGANIZATIONNAME = "Togami Yuki";
				TargetAttributes = {
					B76CB6F9211FED7600EA3C36 = {
						CreatedOnToolsVersion = 9.4.1;
					};
				};
			};
			buildConfigurationList = B76CB6F5211FED7600EA3C36 /* Build configuration list for PBXProject "Qmin" */;
			compatibilityVersion = "Xcode 9.3";
			developmentRegion = en;
			hasScannedForEncodings = 0;
			knownRegions = (
				en,
				Base,
			);
			mainGroup = B76CB6F1211FED7600EA3C36;
			productRefGroup = B76CB6FB211FED7600EA3C36 /* Products */;
			projectDirPath = "";
			projectRoot = "";
			targets = (
				B76CB6F9211FED7600EA3C36 /* Qmin */,
			);
		};
/* End PBXProject section */

/* Begin PBXResourcesBuildPhase section */
		B76CB6F8211FED7600EA3C36 /* Resources */ = {
			isa = PBXResourcesBuildPhase;
			buildActionMask = 2147483647;
			files = (
				B76CB70B211FED7A00EA3C36 /* LaunchScreen.storyboard in Resources */,
				B76CB708211FED7A00EA3C36 /* Assets.xcassets in Resources */,
				B76CB703211FED7600EA3C36 /* Main.storyboard in Resources */,
			);
			runOnlyForDeploymentPostprocessing = 0;
		};
/* End PBXResourcesBuildPhase section */

/* Begin PBXSourcesBuildPhase section */
		B76CB6F6211FED7600EA3C36 /* Sources */ = {
			isa = PBXSourcesBuildPhase;
			buildActionMask = 2147483647;
			files = (
				B76CB706211FED7600EA3C36 /* Qmin.xcdatamodeld in Sources */,
				B76CB700211FED7600EA3C36 /* ViewController.swift in Sources */,
				B76CB6FE211FED7600EA3C36 /* AppDelegate.swift in Sources */,
				B76CB713211FFD0400EA3C36 /* commonItem.swift in Sources */,
				B76CB7152120012300EA3C36 /* QRegistViewController.swift in Sources */,
			);
			runOnlyForDeploymentPostprocessing = 0;
		};
/* End PBXSourcesBuildPhase section */

/* Begin PBXVariantGroup section */
		B76CB701211FED7600EA3C36 /* Main.storyboard */ = {
			isa = PBXVariantGroup;
			children = (
				B76CB702211FED7600EA3C36 /* Base */,
			);
			name = Main.storyboard;
			sourceTree = "<group>";
		};
		B76CB709211FED7A00EA3C36 /* LaunchScreen.storyboard */ = {
			isa = PBXVariantGroup;
			children = (
				B76CB70A211FED7A00EA3C36 /* Base */,
			);
			name = LaunchScreen.storyboard;
			sourceTree = "<group>";
		};
/* End PBXVariantGroup section */

/* Begin XCBuildConfiguration section */
		B76CB70D211FED7A00EA3C36 /* Debug */ = {
			isa = XCBuildConfiguration;
			buildSettings = {
				ALWAYS_SEARCH_USER_PATHS = NO;
				CLANG_ANALYZER_NONNULL = YES;
				CLANG_ANALYZER_NUMBER_OBJECT_CONVERSION = YES_AGGRESSIVE;
				CLANG_CXX_LANGUAGE_STANDARD = "gnu++14";
				CLANG_CXX_LIBRARY = "libc++";
				CLANG_ENABLE_MODULES = YES;
				CLANG_ENABLE_OBJC_ARC = YES;
				CLANG_ENABLE_OBJC_WEAK = YES;
				CLANG_WARN_BLOCK_CAPTURE_AUTORELEASING = YES;
				CLANG_WARN_BOOL_CONVERSION = YES;
				CLANG_WARN_COMMA = YES;
				CLANG_WARN_CONSTANT_CONVERSION = YES;
				CLANG_WARN_DEPRECATED_OBJC_IMPLEMENTATIONS = YES;
				CLANG_WARN_DIRECT_OBJC_ISA_USAGE = YES_ERROR;
				CLANG_WARN_DOCUMENTATION_COMMENTS = YES;
				CLANG_WARN_EMPTY_BODY = YES;
				CLANG_WARN_ENUM_CONVERSION = YES;
				CLANG_WARN_INFINITE_RECURSION = YES;
				CLANG_WARN_INT_CONVERSION = YES;
				CLANG_WARN_NON_LITERAL_NULL_CONVERSION = YES;
				CLANG_WARN_OBJC_IMPLICIT_RETAIN_SELF = YES;
				CLANG_WARN_OBJC_LITERAL_CONVERSION = YES;
				CLANG_WARN_OBJC_ROOT_CLASS = YES_ERROR;
				CLANG_WARN_RANGE_LOOP_ANALYSIS = YES;
				CLANG_WARN_STRICT_PROTOTYPES = YES;
				CLANG_WARN_SUSPICIOUS_MOVE = YES;
				CLANG_WARN_UNGUARDED_AVAILABILITY = YES_AGGRESSIVE;
				CLANG_WARN_UNREACHABLE_CODE = YES;
				CLANG_WARN__DUPLICATE_METHOD_MATCH = YES;
				CODE_SIGN_IDENTITY = "iPhone Developer";
				COPY_PHASE_STRIP = NO;
				DEBUG_INFORMATION_FORMAT = dwarf;
				ENABLE_STRICT_OBJC_MSGSEND = YES;
				ENABLE_TESTABILITY = YES;
				GCC_C_LANGUAGE_STANDARD = gnu11;
				GCC_DYNAMIC_NO_PIC = NO;
				GCC_NO_COMMON_BLOCKS = YES;
				GCC_OPTIMIZATION_LEVEL = 0;
				GCC_PREPROCESSOR_DEFINITIONS = (
					"DEBUG=1",
					"$(inherited)",
				);
				GCC_WARN_64_TO_32_BIT_CONVERSION = YES;
				GCC_WARN_ABOUT_RETURN_TYPE = YES_ERROR;
				GCC_WARN_UNDECLARED_SELECTOR = YES;
				GCC_WARN_UNINITIALIZED_AUTOS = YES_AGGRESSIVE;
				GCC_WARN_UNUSED_FUNCTION = YES;
				GCC_WARN_UNUSED_VARIABLE = YES;
				IPHONEOS_DEPLOYMENT_TARGET = 11.4;
				MTL_ENABLE_DEBUG_INFO = YES;
				ONLY_ACTIVE_ARCH = YES;
				SDKROOT = iphoneos;
				SWIFT_ACTIVE_COMPILATION_CONDITIONS = DEBUG;
				SWIFT_OPTIMIZATION_LEVEL = "-Onone";
			};
			name = Debug;
		};
		B76CB70E211FED7A00EA3C36 /* Release */ = {
			isa = XCBuildConfiguration;
			buildSettings = {
				ALWAYS_SEARCH_USER_PATHS = NO;
				CLANG_ANALYZER_NONNULL = YES;
				CLANG_ANALYZER_NUMBER_OBJECT_CONVERSION = YES_AGGRESSIVE;
				CLANG_CXX_LANGUAGE_STANDARD = "gnu++14";
				CLANG_CXX_LIBRARY = "libc++";
				CLANG_ENABLE_MODULES = YES;
				CLANG_ENABLE_OBJC_ARC = YES;
				CLANG_ENABLE_OBJC_WEAK = YES;
				CLANG_WARN_BLOCK_CAPTURE_AUTORELEASING = YES;
				CLANG_WARN_BOOL_CONVERSION = YES;
				CLANG_WARN_COMMA = YES;
				CLANG_WARN_CONSTANT_CONVERSION = YES;
				CLANG_WARN_DEPRECATED_OBJC_IMPLEMENTATIONS = YES;
				CLANG_WARN_DIRECT_OBJC_ISA_USAGE = YES_ERROR;
				CLANG_WARN_DOCUMENTATION_COMMENTS = YES;
				CLANG_WARN_EMPTY_BODY = YES;
				CLANG_WARN_ENUM_CONVERSION = YES;
				CLANG_WARN_INFINITE_RECURSION = YES;
				CLANG_WARN_INT_CONVERSION = YES;
				CLANG_WARN_NON_LITERAL_NULL_CONVERSION = YES;
				CLANG_WARN_OBJC_IMPLICIT_RETAIN_SELF = YES;
				CLANG_WARN_OBJC_LITERAL_CONVERSION = YES;
				CLANG_WARN_OBJC_ROOT_CLASS = YES_ERROR;
				CLANG_WARN_RANGE_LOOP_ANALYSIS = YES;
				CLANG_WARN_STRICT_PROTOTYPES = YES;
				CLANG_WARN_SUSPICIOUS_MOVE = YES;
				CLANG_WARN_UNGUARDED_AVAILABILITY = YES_AGGRESSIVE;
				CLANG_WARN_UNREACHABLE_CODE = YES;
				CLANG_WARN__DUPLICATE_METHOD_MATCH = YES;
				CODE_SIGN_IDENTITY = "iPhone Developer";
				COPY_PHASE_STRIP = NO;
				DEBUG_INFORMATION_FORMAT = "dwarf-with-dsym";
				ENABLE_NS_ASSERTIONS = NO;
				ENABLE_STRICT_OBJC_MSGSEND = YES;
				GCC_C_LANGUAGE_STANDARD = gnu11;
				GCC_NO_COMMON_BLOCKS = YES;
				GCC_WARN_64_TO_32_BIT_CONVERSION = YES;
				GCC_WARN_ABOUT_RETURN_TYPE = YES_ERROR;
				GCC_WARN_UNDECLARED_SELECTOR = YES;
				GCC_WARN_UNINITIALIZED_AUTOS = YES_AGGRESSIVE;
				GCC_WARN_UNUSED_FUNCTION = YES;
				GCC_WARN_UNUSED_VARIABLE = YES;
				IPHONEOS_DEPLOYMENT_TARGET = 11.4;
				MTL_ENABLE_DEBUG_INFO = NO;
				SDKROOT = iphoneos;
				SWIFT_COMPILATION_MODE = wholemodule;
				SWIFT_OPTIMIZATION_LEVEL = "-O";
				VALIDATE_PRODUCT = YES;
			};
			name = Release;
		};
		B76CB710211FED7A00EA3C36 /* Debug */ = {
			isa = XCBuildConfiguration;
			buildSettings = {
				ASSETCATALOG_COMPILER_APPICON_NAME = AppIcon;
				CODE_SIGN_STYLE = Automatic;
				DEVELOPMENT_TEAM = 3647679NTF;
				INFOPLIST_FILE = Qmin/Info.plist;
				LD_RUNPATH_SEARCH_PATHS = (
					"$(inherited)",
					"@executable_path/Frameworks",
				);
				PRODUCT_BUNDLE_IDENTIFIER = togaminnnn.Qmin;
				PRODUCT_NAME = "$(TARGET_NAME)";
				SWIFT_VERSION = 4.0;
				TARGETED_DEVICE_FAMILY = "1,2";
			};
			name = Debug;
		};
		B76CB711211FED7A00EA3C36 /* Release */ = {
			isa = XCBuildConfiguration;
			buildSettings = {
				ASSETCATALOG_COMPILER_APPICON_NAME = AppIcon;
				CODE_SIGN_STYLE = Automatic;
				DEVELOPMENT_TEAM = 3647679NTF;
				INFOPLIST_FILE = Qmin/Info.plist;
				LD_RUNPATH_SEARCH_PATHS = (
					"$(inherited)",
					"@executable_path/Frameworks",
				);
				PRODUCT_BUNDLE_IDENTIFIER = togaminnnn.Qmin;
				PRODUCT_NAME = "$(TARGET_NAME)";
				SWIFT_VERSION = 4.0;
				TARGETED_DEVICE_FAMILY = "1,2";
			};
			name = Release;
		};
/* End XCBuildConfiguration section */

/* Begin XCConfigurationList section */
		B76CB6F5211FED7600EA3C36 /* Build configuration list for PBXProject "Qmin" */ = {
			isa = XCConfigurationList;
			buildConfigurations = (
				B76CB70D211FED7A00EA3C36 /* Debug */,
				B76CB70E211FED7A00EA3C36 /* Release */,
			);
			defaultConfigurationIsVisible = 0;
			defaultConfigurationName = Release;
		};
		B76CB70F211FED7A00EA3C36 /* Build configuration list for PBXNativeTarget "Qmin" */ = {
			isa = XCConfigurationList;
			buildConfigurations = (
				B76CB710211FED7A00EA3C36 /* Debug */,
				B76CB711211FED7A00EA3C36 /* Release */,
			);
			defaultConfigurationIsVisible = 0;
			defaultConfigurationName = Release;
		};
/* End XCConfigurationList section */

/* Begin XCVersionGroup section */
		B76CB704211FED7600EA3C36 /* Qmin.xcdatamodeld */ = {
			isa = XCVersionGroup;
			children = (
				B76CB705211FED7600EA3C36 /* Qmin.xcdatamodel */,
			);
			currentVersion = B76CB705211FED7600EA3C36 /* Qmin.xcdatamodel */;
			path = Qmin.xcdatamodeld;
			sourceTree = "<group>";
			versionGroupType = wrapper.xcdatamodel;
		};
/* End XCVersionGroup section */
	};
	rootObject = B76CB6F2211FED7600EA3C36 /* Project object */;
}
